
Microsoft Visual Studio Solution File, Format Version 12.00
# Visual Studio Version 16
VisualStudioVersion = 16.0.30128.36
MinimumVisualStudioVersion = 10.0.40219.1
Project("{2150E333-8FDC-42A3-9474-1A3956D46DE8}") = "XF", "XF", "{08C6634A-7542-4D6A-946A-C07F65AFC59F}"
EndProject
Project("{2150E333-8FDC-42A3-9474-1A3956D46DE8}") = "Uno", "Uno", "{A6F393BB-E79E-4103-A29A-4A31484BD12A}"
EndProject
Project("{D954291E-2A0B-460D-934E-DC6B0785DB48}") = "SwaggerImport.Uno.Shared", "SwaggerImport.Uno\SwaggerImport.Uno.Shared\SwaggerImport.Uno.Shared.shproj", "{6279C845-92F8-4333-AB99-3D213163593C}"
EndProject
Project("{FAE04EC0-301F-11D3-BF4B-00C04F79EFBC}") = "SwaggerImport.Uno.Droid", "SwaggerImport.Uno\SwaggerImport.Uno.Droid\SwaggerImport.Uno.Droid.csproj", "{DAACCFAA-1CFF-4089-8451-40808BA75F97}"
EndProject
Project("{FAE04EC0-301F-11D3-BF4B-00C04F79EFBC}") = "SwaggerImport.Uno.iOS", "SwaggerImport.Uno\SwaggerImport.Uno.iOS\SwaggerImport.Uno.iOS.csproj", "{3392D664-CDB8-488B-B9AD-286768BC16DE}"
EndProject
Project("{FAE04EC0-301F-11D3-BF4B-00C04F79EFBC}") = "SwaggerImport.Uno.UWP", "SwaggerImport.Uno\SwaggerImport.Uno.UWP\SwaggerImport.Uno.UWP.csproj", "{4553824D-9A45-4F1B-B6F9-4BA481CDDFA9}"
EndProject
Project("{FAE04EC0-301F-11D3-BF4B-00C04F79EFBC}") = "SwaggerImport.Uno.Wasm", "SwaggerImport.Uno\SwaggerImport.Uno.Wasm\SwaggerImport.Uno.Wasm.csproj", "{E041EAC8-2029-4289-84AE-F9907CB683C0}"
EndProject
Project("{FAE04EC0-301F-11D3-BF4B-00C04F79EFBC}") = "SwaggerImport.Uno.macOS", "SwaggerImport.Uno\SwaggerImport.Uno.macOS\SwaggerImport.Uno.macOS.csproj", "{6B57921C-098B-4AD9-A224-910F21765482}"
EndProject
Project("{9A19103F-16F7-4668-BE54-9A1E7A4F7556}") = "SwaggerImport.XF", "SwaggerImport.XF\SwaggerImport.XF\SwaggerImport.XF.csproj", "{74BB86C4-63A1-49AA-BD9B-3CDCF0B7AB8A}"
EndProject
Project("{FAE04EC0-301F-11D3-BF4B-00C04F79EFBC}") = "SwaggerImport.XF.Android", "SwaggerImport.XF\SwaggerImport.XF.Android\SwaggerImport.XF.Android.csproj", "{B5830D0E-35D1-4151-8CCF-1EC453BC4B44}"
EndProject
Project("{FAE04EC0-301F-11D3-BF4B-00C04F79EFBC}") = "SwaggerImport.XF.iOS", "SwaggerImport.XF\SwaggerImport.XF.iOS\SwaggerImport.XF.iOS.csproj", "{B7081839-E2D8-4DF3-A30A-9D924E043C45}"
EndProject
Project("{FAE04EC0-301F-11D3-BF4B-00C04F79EFBC}") = "SwaggerImport.XF.UWP", "SwaggerImport.XF\SwaggerImport.XF.UWP\SwaggerImport.XF.UWP.csproj", "{A743E040-C1E6-48D5-B7B8-30619D49E122}"
EndProject
Project("{FAE04EC0-301F-11D3-BF4B-00C04F79EFBC}") = "SwaggerImport.Data", "SwaggerImport.Data\SwaggerImport.Data.csproj", "{4F8E26DC-8020-4432-B415-89F03DFFC04D}"
EndProject
Global
	GlobalSection(SharedMSBuildProjectFiles) = preSolution
		SwaggerImport.Uno\SwaggerImport.Uno.Shared\SwaggerImport.Uno.Shared.projitems*{3392d664-cdb8-488b-b9ad-286768bc16de}*SharedItemsImports = 4
		SwaggerImport.Uno\SwaggerImport.Uno.Shared\SwaggerImport.Uno.Shared.projitems*{4553824d-9a45-4f1b-b6f9-4ba481cddfa9}*SharedItemsImports = 4
		SwaggerImport.Uno\SwaggerImport.Uno.Shared\SwaggerImport.Uno.Shared.projitems*{6279c845-92f8-4333-ab99-3d213163593c}*SharedItemsImports = 13
		SwaggerImport.Uno\SwaggerImport.Uno.Shared\SwaggerImport.Uno.Shared.projitems*{6b57921c-098b-4ad9-a224-910f21765482}*SharedItemsImports = 4
		SwaggerImport.Uno\SwaggerImport.Uno.Shared\SwaggerImport.Uno.Shared.projitems*{daaccfaa-1cff-4089-8451-40808ba75f97}*SharedItemsImports = 4
		SwaggerImport.Uno\SwaggerImport.Uno.Shared\SwaggerImport.Uno.Shared.projitems*{e041eac8-2029-4289-84ae-f9907cb683c0}*SharedItemsImports = 5
	EndGlobalSection
	GlobalSection(SolutionConfigurationPlatforms) = preSolution
		Ad-Hoc|Any CPU = Ad-Hoc|Any CPU
		Ad-Hoc|ARM = Ad-Hoc|ARM
		Ad-Hoc|ARM64 = Ad-Hoc|ARM64
		Ad-Hoc|iPhone = Ad-Hoc|iPhone
		Ad-Hoc|iPhoneSimulator = Ad-Hoc|iPhoneSimulator
		Ad-Hoc|x64 = Ad-Hoc|x64
		Ad-Hoc|x86 = Ad-Hoc|x86
		AppStore|Any CPU = AppStore|Any CPU
		AppStore|ARM = AppStore|ARM
		AppStore|ARM64 = AppStore|ARM64
		AppStore|iPhone = AppStore|iPhone
		AppStore|iPhoneSimulator = AppStore|iPhoneSimulator
		AppStore|x64 = AppStore|x64
		AppStore|x86 = AppStore|x86
		Debug|Any CPU = Debug|Any CPU
		Debug|ARM = Debug|ARM
		Debug|ARM64 = Debug|ARM64
		Debug|iPhone = Debug|iPhone
		Debug|iPhoneSimulator = Debug|iPhoneSimulator
		Debug|x64 = Debug|x64
		Debug|x86 = Debug|x86
		Release|Any CPU = Release|Any CPU
		Release|ARM = Release|ARM
		Release|ARM64 = Release|ARM64
		Release|iPhone = Release|iPhone
		Release|iPhoneSimulator = Release|iPhoneSimulator
		Release|x64 = Release|x64
		Release|x86 = Release|x86
	EndGlobalSection
	GlobalSection(ProjectConfigurationPlatforms) = postSolution
		{DAACCFAA-1CFF-4089-8451-40808BA75F97}.Ad-Hoc|Any CPU.ActiveCfg = Release|Any CPU
		{DAACCFAA-1CFF-4089-8451-40808BA75F97}.Ad-Hoc|Any CPU.Build.0 = Release|Any CPU
		{DAACCFAA-1CFF-4089-8451-40808BA75F97}.Ad-Hoc|Any CPU.Deploy.0 = Release|Any CPU
		{DAACCFAA-1CFF-4089-8451-40808BA75F97}.Ad-Hoc|ARM.ActiveCfg = Release|Any CPU
		{DAACCFAA-1CFF-4089-8451-40808BA75F97}.Ad-Hoc|ARM.Build.0 = Release|Any CPU
		{DAACCFAA-1CFF-4089-8451-40808BA75F97}.Ad-Hoc|ARM.Deploy.0 = Release|Any CPU
		{DAACCFAA-1CFF-4089-8451-40808BA75F97}.Ad-Hoc|ARM64.ActiveCfg = Release|Any CPU
		{DAACCFAA-1CFF-4089-8451-40808BA75F97}.Ad-Hoc|ARM64.Build.0 = Release|Any CPU
		{DAACCFAA-1CFF-4089-8451-40808BA75F97}.Ad-Hoc|ARM64.Deploy.0 = Release|Any CPU
		{DAACCFAA-1CFF-4089-8451-40808BA75F97}.Ad-Hoc|iPhone.ActiveCfg = Release|Any CPU
		{DAACCFAA-1CFF-4089-8451-40808BA75F97}.Ad-Hoc|iPhone.Build.0 = Release|Any CPU
		{DAACCFAA-1CFF-4089-8451-40808BA75F97}.Ad-Hoc|iPhone.Deploy.0 = Release|Any CPU
		{DAACCFAA-1CFF-4089-8451-40808BA75F97}.Ad-Hoc|iPhoneSimulator.ActiveCfg = Release|Any CPU
		{DAACCFAA-1CFF-4089-8451-40808BA75F97}.Ad-Hoc|iPhoneSimulator.Build.0 = Release|Any CPU
		{DAACCFAA-1CFF-4089-8451-40808BA75F97}.Ad-Hoc|iPhoneSimulator.Deploy.0 = Release|Any CPU
		{DAACCFAA-1CFF-4089-8451-40808BA75F97}.Ad-Hoc|x64.ActiveCfg = Release|Any CPU
		{DAACCFAA-1CFF-4089-8451-40808BA75F97}.Ad-Hoc|x64.Build.0 = Release|Any CPU
		{DAACCFAA-1CFF-4089-8451-40808BA75F97}.Ad-Hoc|x64.Deploy.0 = Release|Any CPU
		{DAACCFAA-1CFF-4089-8451-40808BA75F97}.Ad-Hoc|x86.ActiveCfg = Release|Any CPU
		{DAACCFAA-1CFF-4089-8451-40808BA75F97}.Ad-Hoc|x86.Build.0 = Release|Any CPU
		{DAACCFAA-1CFF-4089-8451-40808BA75F97}.Ad-Hoc|x86.Deploy.0 = Release|Any CPU
		{DAACCFAA-1CFF-4089-8451-40808BA75F97}.AppStore|Any CPU.ActiveCfg = Release|Any CPU
		{DAACCFAA-1CFF-4089-8451-40808BA75F97}.AppStore|Any CPU.Build.0 = Release|Any CPU
		{DAACCFAA-1CFF-4089-8451-40808BA75F97}.AppStore|Any CPU.Deploy.0 = Release|Any CPU
		{DAACCFAA-1CFF-4089-8451-40808BA75F97}.AppStore|ARM.ActiveCfg = Release|Any CPU
		{DAACCFAA-1CFF-4089-8451-40808BA75F97}.AppStore|ARM.Build.0 = Release|Any CPU
		{DAACCFAA-1CFF-4089-8451-40808BA75F97}.AppStore|ARM.Deploy.0 = Release|Any CPU
		{DAACCFAA-1CFF-4089-8451-40808BA75F97}.AppStore|ARM64.ActiveCfg = Release|Any CPU
		{DAACCFAA-1CFF-4089-8451-40808BA75F97}.AppStore|ARM64.Build.0 = Release|Any CPU
		{DAACCFAA-1CFF-4089-8451-40808BA75F97}.AppStore|ARM64.Deploy.0 = Release|Any CPU
		{DAACCFAA-1CFF-4089-8451-40808BA75F97}.AppStore|iPhone.ActiveCfg = Release|Any CPU
		{DAACCFAA-1CFF-4089-8451-40808BA75F97}.AppStore|iPhone.Build.0 = Release|Any CPU
		{DAACCFAA-1CFF-4089-8451-40808BA75F97}.AppStore|iPhone.Deploy.0 = Release|Any CPU
		{DAACCFAA-1CFF-4089-8451-40808BA75F97}.AppStore|iPhoneSimulator.ActiveCfg = Release|Any CPU
		{DAACCFAA-1CFF-4089-8451-40808BA75F97}.AppStore|iPhoneSimulator.Build.0 = Release|Any CPU
		{DAACCFAA-1CFF-4089-8451-40808BA75F97}.AppStore|iPhoneSimulator.Deploy.0 = Release|Any CPU
		{DAACCFAA-1CFF-4089-8451-40808BA75F97}.AppStore|x64.ActiveCfg = Release|Any CPU
		{DAACCFAA-1CFF-4089-8451-40808BA75F97}.AppStore|x64.Build.0 = Release|Any CPU
		{DAACCFAA-1CFF-4089-8451-40808BA75F97}.AppStore|x64.Deploy.0 = Release|Any CPU
		{DAACCFAA-1CFF-4089-8451-40808BA75F97}.AppStore|x86.ActiveCfg = Release|Any CPU
		{DAACCFAA-1CFF-4089-8451-40808BA75F97}.AppStore|x86.Build.0 = Release|Any CPU
		{DAACCFAA-1CFF-4089-8451-40808BA75F97}.AppStore|x86.Deploy.0 = Release|Any CPU
		{DAACCFAA-1CFF-4089-8451-40808BA75F97}.Debug|Any CPU.ActiveCfg = Debug|Any CPU
		{DAACCFAA-1CFF-4089-8451-40808BA75F97}.Debug|Any CPU.Build.0 = Debug|Any CPU
		{DAACCFAA-1CFF-4089-8451-40808BA75F97}.Debug|Any CPU.Deploy.0 = Debug|Any CPU
		{DAACCFAA-1CFF-4089-8451-40808BA75F97}.Debug|ARM.ActiveCfg = Debug|Any CPU
		{DAACCFAA-1CFF-4089-8451-40808BA75F97}.Debug|ARM.Build.0 = Debug|Any CPU
		{DAACCFAA-1CFF-4089-8451-40808BA75F97}.Debug|ARM.Deploy.0 = Debug|Any CPU
		{DAACCFAA-1CFF-4089-8451-40808BA75F97}.Debug|ARM64.ActiveCfg = Debug|Any CPU
		{DAACCFAA-1CFF-4089-8451-40808BA75F97}.Debug|ARM64.Build.0 = Debug|Any CPU
		{DAACCFAA-1CFF-4089-8451-40808BA75F97}.Debug|ARM64.Deploy.0 = Debug|Any CPU
		{DAACCFAA-1CFF-4089-8451-40808BA75F97}.Debug|iPhone.ActiveCfg = Debug|Any CPU
		{DAACCFAA-1CFF-4089-8451-40808BA75F97}.Debug|iPhone.Build.0 = Debug|Any CPU
		{DAACCFAA-1CFF-4089-8451-40808BA75F97}.Debug|iPhone.Deploy.0 = Debug|Any CPU
		{DAACCFAA-1CFF-4089-8451-40808BA75F97}.Debug|iPhoneSimulator.ActiveCfg = Debug|Any CPU
		{DAACCFAA-1CFF-4089-8451-40808BA75F97}.Debug|iPhoneSimulator.Build.0 = Debug|Any CPU
		{DAACCFAA-1CFF-4089-8451-40808BA75F97}.Debug|iPhoneSimulator.Deploy.0 = Debug|Any CPU
		{DAACCFAA-1CFF-4089-8451-40808BA75F97}.Debug|x64.ActiveCfg = Debug|Any CPU
		{DAACCFAA-1CFF-4089-8451-40808BA75F97}.Debug|x64.Build.0 = Debug|Any CPU
		{DAACCFAA-1CFF-4089-8451-40808BA75F97}.Debug|x64.Deploy.0 = Debug|Any CPU
		{DAACCFAA-1CFF-4089-8451-40808BA75F97}.Debug|x86.ActiveCfg = Debug|Any CPU
		{DAACCFAA-1CFF-4089-8451-40808BA75F97}.Debug|x86.Build.0 = Debug|Any CPU
		{DAACCFAA-1CFF-4089-8451-40808BA75F97}.Debug|x86.Deploy.0 = Debug|Any CPU
		{DAACCFAA-1CFF-4089-8451-40808BA75F97}.Release|Any CPU.ActiveCfg = Release|Any CPU
		{DAACCFAA-1CFF-4089-8451-40808BA75F97}.Release|Any CPU.Build.0 = Release|Any CPU
		{DAACCFAA-1CFF-4089-8451-40808BA75F97}.Release|Any CPU.Deploy.0 = Release|Any CPU
		{DAACCFAA-1CFF-4089-8451-40808BA75F97}.Release|ARM.ActiveCfg = Release|Any CPU
		{DAACCFAA-1CFF-4089-8451-40808BA75F97}.Release|ARM.Build.0 = Release|Any CPU
		{DAACCFAA-1CFF-4089-8451-40808BA75F97}.Release|ARM.Deploy.0 = Release|Any CPU
		{DAACCFAA-1CFF-4089-8451-40808BA75F97}.Release|ARM64.ActiveCfg = Release|Any CPU
		{DAACCFAA-1CFF-4089-8451-40808BA75F97}.Release|ARM64.Build.0 = Release|Any CPU
		{DAACCFAA-1CFF-4089-8451-40808BA75F97}.Release|ARM64.Deploy.0 = Release|Any CPU
		{DAACCFAA-1CFF-4089-8451-40808BA75F97}.Release|iPhone.ActiveCfg = Release|Any CPU
		{DAACCFAA-1CFF-4089-8451-40808BA75F97}.Release|iPhone.Build.0 = Release|Any CPU
		{DAACCFAA-1CFF-4089-8451-40808BA75F97}.Release|iPhone.Deploy.0 = Release|Any CPU
		{DAACCFAA-1CFF-4089-8451-40808BA75F97}.Release|iPhoneSimulator.ActiveCfg = Release|Any CPU
		{DAACCFAA-1CFF-4089-8451-40808BA75F97}.Release|iPhoneSimulator.Build.0 = Release|Any CPU
		{DAACCFAA-1CFF-4089-8451-40808BA75F97}.Release|iPhoneSimulator.Deploy.0 = Release|Any CPU
		{DAACCFAA-1CFF-4089-8451-40808BA75F97}.Release|x64.ActiveCfg = Release|Any CPU
		{DAACCFAA-1CFF-4089-8451-40808BA75F97}.Release|x64.Build.0 = Release|Any CPU
		{DAACCFAA-1CFF-4089-8451-40808BA75F97}.Release|x64.Deploy.0 = Release|Any CPU
		{DAACCFAA-1CFF-4089-8451-40808BA75F97}.Release|x86.ActiveCfg = Release|Any CPU
		{DAACCFAA-1CFF-4089-8451-40808BA75F97}.Release|x86.Build.0 = Release|Any CPU
		{DAACCFAA-1CFF-4089-8451-40808BA75F97}.Release|x86.Deploy.0 = Release|Any CPU
		{3392D664-CDB8-488B-B9AD-286768BC16DE}.Ad-Hoc|Any CPU.ActiveCfg = Ad-Hoc|iPhone
		{3392D664-CDB8-488B-B9AD-286768BC16DE}.Ad-Hoc|ARM.ActiveCfg = Ad-Hoc|iPhone
		{3392D664-CDB8-488B-B9AD-286768BC16DE}.Ad-Hoc|ARM64.ActiveCfg = Ad-Hoc|iPhone
		{3392D664-CDB8-488B-B9AD-286768BC16DE}.Ad-Hoc|iPhone.ActiveCfg = Ad-Hoc|iPhone
		{3392D664-CDB8-488B-B9AD-286768BC16DE}.Ad-Hoc|iPhone.Build.0 = Ad-Hoc|iPhone
		{3392D664-CDB8-488B-B9AD-286768BC16DE}.Ad-Hoc|iPhoneSimulator.ActiveCfg = Ad-Hoc|iPhoneSimulator
		{3392D664-CDB8-488B-B9AD-286768BC16DE}.Ad-Hoc|iPhoneSimulator.Build.0 = Ad-Hoc|iPhoneSimulator
		{3392D664-CDB8-488B-B9AD-286768BC16DE}.Ad-Hoc|x64.ActiveCfg = Ad-Hoc|iPhone
		{3392D664-CDB8-488B-B9AD-286768BC16DE}.Ad-Hoc|x86.ActiveCfg = Ad-Hoc|iPhone
		{3392D664-CDB8-488B-B9AD-286768BC16DE}.AppStore|Any CPU.ActiveCfg = AppStore|iPhone
		{3392D664-CDB8-488B-B9AD-286768BC16DE}.AppStore|ARM.ActiveCfg = AppStore|iPhone
		{3392D664-CDB8-488B-B9AD-286768BC16DE}.AppStore|ARM64.ActiveCfg = AppStore|iPhone
		{3392D664-CDB8-488B-B9AD-286768BC16DE}.AppStore|iPhone.ActiveCfg = AppStore|iPhone
		{3392D664-CDB8-488B-B9AD-286768BC16DE}.AppStore|iPhone.Build.0 = AppStore|iPhone
		{3392D664-CDB8-488B-B9AD-286768BC16DE}.AppStore|iPhoneSimulator.ActiveCfg = AppStore|iPhoneSimulator
		{3392D664-CDB8-488B-B9AD-286768BC16DE}.AppStore|iPhoneSimulator.Build.0 = AppStore|iPhoneSimulator
		{3392D664-CDB8-488B-B9AD-286768BC16DE}.AppStore|x64.ActiveCfg = AppStore|iPhone
		{3392D664-CDB8-488B-B9AD-286768BC16DE}.AppStore|x86.ActiveCfg = AppStore|iPhone
		{3392D664-CDB8-488B-B9AD-286768BC16DE}.Debug|Any CPU.ActiveCfg = Debug|iPhone
		{3392D664-CDB8-488B-B9AD-286768BC16DE}.Debug|ARM.ActiveCfg = Debug|iPhone
		{3392D664-CDB8-488B-B9AD-286768BC16DE}.Debug|ARM64.ActiveCfg = Debug|iPhone
		{3392D664-CDB8-488B-B9AD-286768BC16DE}.Debug|iPhone.ActiveCfg = Debug|iPhone
		{3392D664-CDB8-488B-B9AD-286768BC16DE}.Debug|iPhone.Build.0 = Debug|iPhone
		{3392D664-CDB8-488B-B9AD-286768BC16DE}.Debug|iPhoneSimulator.ActiveCfg = Debug|iPhoneSimulator
		{3392D664-CDB8-488B-B9AD-286768BC16DE}.Debug|iPhoneSimulator.Build.0 = Debug|iPhoneSimulator
		{3392D664-CDB8-488B-B9AD-286768BC16DE}.Debug|x64.ActiveCfg = Debug|iPhone
		{3392D664-CDB8-488B-B9AD-286768BC16DE}.Debug|x86.ActiveCfg = Debug|iPhone
		{3392D664-CDB8-488B-B9AD-286768BC16DE}.Release|Any CPU.ActiveCfg = Release|iPhone
		{3392D664-CDB8-488B-B9AD-286768BC16DE}.Release|ARM.ActiveCfg = Release|iPhone
		{3392D664-CDB8-488B-B9AD-286768BC16DE}.Release|ARM64.ActiveCfg = Release|iPhone
		{3392D664-CDB8-488B-B9AD-286768BC16DE}.Release|iPhone.ActiveCfg = Release|iPhone
		{3392D664-CDB8-488B-B9AD-286768BC16DE}.Release|iPhone.Build.0 = Release|iPhone
		{3392D664-CDB8-488B-B9AD-286768BC16DE}.Release|iPhoneSimulator.ActiveCfg = Release|iPhoneSimulator
		{3392D664-CDB8-488B-B9AD-286768BC16DE}.Release|iPhoneSimulator.Build.0 = Release|iPhoneSimulator
		{3392D664-CDB8-488B-B9AD-286768BC16DE}.Release|x64.ActiveCfg = Release|iPhone
		{3392D664-CDB8-488B-B9AD-286768BC16DE}.Release|x86.ActiveCfg = Release|iPhone
		{4553824D-9A45-4F1B-B6F9-4BA481CDDFA9}.Ad-Hoc|Any CPU.ActiveCfg = Release|x64
		{4553824D-9A45-4F1B-B6F9-4BA481CDDFA9}.Ad-Hoc|Any CPU.Build.0 = Release|x64
		{4553824D-9A45-4F1B-B6F9-4BA481CDDFA9}.Ad-Hoc|Any CPU.Deploy.0 = Release|x64
		{4553824D-9A45-4F1B-B6F9-4BA481CDDFA9}.Ad-Hoc|ARM.ActiveCfg = Release|ARM
		{4553824D-9A45-4F1B-B6F9-4BA481CDDFA9}.Ad-Hoc|ARM.Build.0 = Release|ARM
		{4553824D-9A45-4F1B-B6F9-4BA481CDDFA9}.Ad-Hoc|ARM.Deploy.0 = Release|ARM
		{4553824D-9A45-4F1B-B6F9-4BA481CDDFA9}.Ad-Hoc|ARM64.ActiveCfg = Release|ARM64
		{4553824D-9A45-4F1B-B6F9-4BA481CDDFA9}.Ad-Hoc|ARM64.Build.0 = Release|ARM64
		{4553824D-9A45-4F1B-B6F9-4BA481CDDFA9}.Ad-Hoc|ARM64.Deploy.0 = Release|ARM64
		{4553824D-9A45-4F1B-B6F9-4BA481CDDFA9}.Ad-Hoc|iPhone.ActiveCfg = Release|x64
		{4553824D-9A45-4F1B-B6F9-4BA481CDDFA9}.Ad-Hoc|iPhone.Build.0 = Release|x64
		{4553824D-9A45-4F1B-B6F9-4BA481CDDFA9}.Ad-Hoc|iPhone.Deploy.0 = Release|x64
		{4553824D-9A45-4F1B-B6F9-4BA481CDDFA9}.Ad-Hoc|iPhoneSimulator.ActiveCfg = Release|x64
		{4553824D-9A45-4F1B-B6F9-4BA481CDDFA9}.Ad-Hoc|iPhoneSimulator.Build.0 = Release|x64
		{4553824D-9A45-4F1B-B6F9-4BA481CDDFA9}.Ad-Hoc|iPhoneSimulator.Deploy.0 = Release|x64
		{4553824D-9A45-4F1B-B6F9-4BA481CDDFA9}.Ad-Hoc|x64.ActiveCfg = Release|x64
		{4553824D-9A45-4F1B-B6F9-4BA481CDDFA9}.Ad-Hoc|x64.Build.0 = Release|x64
		{4553824D-9A45-4F1B-B6F9-4BA481CDDFA9}.Ad-Hoc|x64.Deploy.0 = Release|x64
		{4553824D-9A45-4F1B-B6F9-4BA481CDDFA9}.Ad-Hoc|x86.ActiveCfg = Release|x86
		{4553824D-9A45-4F1B-B6F9-4BA481CDDFA9}.Ad-Hoc|x86.Build.0 = Release|x86
		{4553824D-9A45-4F1B-B6F9-4BA481CDDFA9}.Ad-Hoc|x86.Deploy.0 = Release|x86
		{4553824D-9A45-4F1B-B6F9-4BA481CDDFA9}.AppStore|Any CPU.ActiveCfg = Release|x64
		{4553824D-9A45-4F1B-B6F9-4BA481CDDFA9}.AppStore|Any CPU.Build.0 = Release|x64
		{4553824D-9A45-4F1B-B6F9-4BA481CDDFA9}.AppStore|Any CPU.Deploy.0 = Release|x64
		{4553824D-9A45-4F1B-B6F9-4BA481CDDFA9}.AppStore|ARM.ActiveCfg = Release|ARM
		{4553824D-9A45-4F1B-B6F9-4BA481CDDFA9}.AppStore|ARM.Build.0 = Release|ARM
		{4553824D-9A45-4F1B-B6F9-4BA481CDDFA9}.AppStore|ARM.Deploy.0 = Release|ARM
		{4553824D-9A45-4F1B-B6F9-4BA481CDDFA9}.AppStore|ARM64.ActiveCfg = Release|ARM64
		{4553824D-9A45-4F1B-B6F9-4BA481CDDFA9}.AppStore|ARM64.Build.0 = Release|ARM64
		{4553824D-9A45-4F1B-B6F9-4BA481CDDFA9}.AppStore|ARM64.Deploy.0 = Release|ARM64
		{4553824D-9A45-4F1B-B6F9-4BA481CDDFA9}.AppStore|iPhone.ActiveCfg = Release|x64
		{4553824D-9A45-4F1B-B6F9-4BA481CDDFA9}.AppStore|iPhone.Build.0 = Release|x64
		{4553824D-9A45-4F1B-B6F9-4BA481CDDFA9}.AppStore|iPhone.Deploy.0 = Release|x64
		{4553824D-9A45-4F1B-B6F9-4BA481CDDFA9}.AppStore|iPhoneSimulator.ActiveCfg = Release|x64
		{4553824D-9A45-4F1B-B6F9-4BA481CDDFA9}.AppStore|iPhoneSimulator.Build.0 = Release|x64
		{4553824D-9A45-4F1B-B6F9-4BA481CDDFA9}.AppStore|iPhoneSimulator.Deploy.0 = Release|x64
		{4553824D-9A45-4F1B-B6F9-4BA481CDDFA9}.AppStore|x64.ActiveCfg = Release|x64
		{4553824D-9A45-4F1B-B6F9-4BA481CDDFA9}.AppStore|x64.Build.0 = Release|x64
		{4553824D-9A45-4F1B-B6F9-4BA481CDDFA9}.AppStore|x64.Deploy.0 = Release|x64
		{4553824D-9A45-4F1B-B6F9-4BA481CDDFA9}.AppStore|x86.ActiveCfg = Release|x86
		{4553824D-9A45-4F1B-B6F9-4BA481CDDFA9}.AppStore|x86.Build.0 = Release|x86
		{4553824D-9A45-4F1B-B6F9-4BA481CDDFA9}.AppStore|x86.Deploy.0 = Release|x86
		{4553824D-9A45-4F1B-B6F9-4BA481CDDFA9}.Debug|Any CPU.ActiveCfg = Debug|x86
		{4553824D-9A45-4F1B-B6F9-4BA481CDDFA9}.Debug|ARM.ActiveCfg = Debug|ARM
		{4553824D-9A45-4F1B-B6F9-4BA481CDDFA9}.Debug|ARM.Build.0 = Debug|ARM
		{4553824D-9A45-4F1B-B6F9-4BA481CDDFA9}.Debug|ARM.Deploy.0 = Debug|ARM
		{4553824D-9A45-4F1B-B6F9-4BA481CDDFA9}.Debug|ARM64.ActiveCfg = Debug|ARM64
		{4553824D-9A45-4F1B-B6F9-4BA481CDDFA9}.Debug|ARM64.Build.0 = Debug|ARM64
		{4553824D-9A45-4F1B-B6F9-4BA481CDDFA9}.Debug|ARM64.Deploy.0 = Debug|ARM64
		{4553824D-9A45-4F1B-B6F9-4BA481CDDFA9}.Debug|iPhone.ActiveCfg = Debug|x86
		{4553824D-9A45-4F1B-B6F9-4BA481CDDFA9}.Debug|iPhoneSimulator.ActiveCfg = Debug|x86
		{4553824D-9A45-4F1B-B6F9-4BA481CDDFA9}.Debug|x64.ActiveCfg = Debug|x64
		{4553824D-9A45-4F1B-B6F9-4BA481CDDFA9}.Debug|x64.Build.0 = Debug|x64
		{4553824D-9A45-4F1B-B6F9-4BA481CDDFA9}.Debug|x64.Deploy.0 = Debug|x64
		{4553824D-9A45-4F1B-B6F9-4BA481CDDFA9}.Debug|x86.ActiveCfg = Debug|x86
		{4553824D-9A45-4F1B-B6F9-4BA481CDDFA9}.Debug|x86.Build.0 = Debug|x86
		{4553824D-9A45-4F1B-B6F9-4BA481CDDFA9}.Debug|x86.Deploy.0 = Debug|x86
		{4553824D-9A45-4F1B-B6F9-4BA481CDDFA9}.Release|Any CPU.ActiveCfg = Release|x86
		{4553824D-9A45-4F1B-B6F9-4BA481CDDFA9}.Release|ARM.ActiveCfg = Release|ARM
		{4553824D-9A45-4F1B-B6F9-4BA481CDDFA9}.Release|ARM.Build.0 = Release|ARM
		{4553824D-9A45-4F1B-B6F9-4BA481CDDFA9}.Release|ARM.Deploy.0 = Release|ARM
		{4553824D-9A45-4F1B-B6F9-4BA481CDDFA9}.Release|ARM64.ActiveCfg = Release|ARM64
		{4553824D-9A45-4F1B-B6F9-4BA481CDDFA9}.Release|ARM64.Build.0 = Release|ARM64
		{4553824D-9A45-4F1B-B6F9-4BA481CDDFA9}.Release|ARM64.Deploy.0 = Release|ARM64
		{4553824D-9A45-4F1B-B6F9-4BA481CDDFA9}.Release|iPhone.ActiveCfg = Release|x86
		{4553824D-9A45-4F1B-B6F9-4BA481CDDFA9}.Release|iPhoneSimulator.ActiveCfg = Release|x86
		{4553824D-9A45-4F1B-B6F9-4BA481CDDFA9}.Release|x64.ActiveCfg = Release|x64
		{4553824D-9A45-4F1B-B6F9-4BA481CDDFA9}.Release|x64.Build.0 = Release|x64
		{4553824D-9A45-4F1B-B6F9-4BA481CDDFA9}.Release|x64.Deploy.0 = Release|x64
		{4553824D-9A45-4F1B-B6F9-4BA481CDDFA9}.Release|x86.ActiveCfg = Release|x86
		{4553824D-9A45-4F1B-B6F9-4BA481CDDFA9}.Release|x86.Build.0 = Release|x86
		{4553824D-9A45-4F1B-B6F9-4BA481CDDFA9}.Release|x86.Deploy.0 = Release|x86
		{E041EAC8-2029-4289-84AE-F9907CB683C0}.Ad-Hoc|Any CPU.ActiveCfg = Debug|Any CPU
		{E041EAC8-2029-4289-84AE-F9907CB683C0}.Ad-Hoc|Any CPU.Build.0 = Debug|Any CPU
		{E041EAC8-2029-4289-84AE-F9907CB683C0}.Ad-Hoc|ARM.ActiveCfg = Debug|Any CPU
		{E041EAC8-2029-4289-84AE-F9907CB683C0}.Ad-Hoc|ARM.Build.0 = Debug|Any CPU
		{E041EAC8-2029-4289-84AE-F9907CB683C0}.Ad-Hoc|ARM64.ActiveCfg = Debug|Any CPU
		{E041EAC8-2029-4289-84AE-F9907CB683C0}.Ad-Hoc|ARM64.Build.0 = Debug|Any CPU
		{E041EAC8-2029-4289-84AE-F9907CB683C0}.Ad-Hoc|iPhone.ActiveCfg = Debug|Any CPU
		{E041EAC8-2029-4289-84AE-F9907CB683C0}.Ad-Hoc|iPhone.Build.0 = Debug|Any CPU
		{E041EAC8-2029-4289-84AE-F9907CB683C0}.Ad-Hoc|iPhoneSimulator.ActiveCfg = Debug|Any CPU
		{E041EAC8-2029-4289-84AE-F9907CB683C0}.Ad-Hoc|iPhoneSimulator.Build.0 = Debug|Any CPU
		{E041EAC8-2029-4289-84AE-F9907CB683C0}.Ad-Hoc|x64.ActiveCfg = Debug|Any CPU
		{E041EAC8-2029-4289-84AE-F9907CB683C0}.Ad-Hoc|x64.Build.0 = Debug|Any CPU
		{E041EAC8-2029-4289-84AE-F9907CB683C0}.Ad-Hoc|x86.ActiveCfg = Debug|Any CPU
		{E041EAC8-2029-4289-84AE-F9907CB683C0}.Ad-Hoc|x86.Build.0 = Debug|Any CPU
		{E041EAC8-2029-4289-84AE-F9907CB683C0}.AppStore|Any CPU.ActiveCfg = Debug|Any CPU
		{E041EAC8-2029-4289-84AE-F9907CB683C0}.AppStore|Any CPU.Build.0 = Debug|Any CPU
		{E041EAC8-2029-4289-84AE-F9907CB683C0}.AppStore|ARM.ActiveCfg = Debug|Any CPU
		{E041EAC8-2029-4289-84AE-F9907CB683C0}.AppStore|ARM.Build.0 = Debug|Any CPU
		{E041EAC8-2029-4289-84AE-F9907CB683C0}.AppStore|ARM64.ActiveCfg = Debug|Any CPU
		{E041EAC8-2029-4289-84AE-F9907CB683C0}.AppStore|ARM64.Build.0 = Debug|Any CPU
		{E041EAC8-2029-4289-84AE-F9907CB683C0}.AppStore|iPhone.ActiveCfg = Debug|Any CPU
		{E041EAC8-2029-4289-84AE-F9907CB683C0}.AppStore|iPhone.Build.0 = Debug|Any CPU
		{E041EAC8-2029-4289-84AE-F9907CB683C0}.AppStore|iPhoneSimulator.ActiveCfg = Debug|Any CPU
		{E041EAC8-2029-4289-84AE-F9907CB683C0}.AppStore|iPhoneSimulator.Build.0 = Debug|Any CPU
		{E041EAC8-2029-4289-84AE-F9907CB683C0}.AppStore|x64.ActiveCfg = Debug|Any CPU
		{E041EAC8-2029-4289-84AE-F9907CB683C0}.AppStore|x64.Build.0 = Debug|Any CPU
		{E041EAC8-2029-4289-84AE-F9907CB683C0}.AppStore|x86.ActiveCfg = Debug|Any CPU
		{E041EAC8-2029-4289-84AE-F9907CB683C0}.AppStore|x86.Build.0 = Debug|Any CPU
		{E041EAC8-2029-4289-84AE-F9907CB683C0}.Debug|Any CPU.ActiveCfg = Debug|Any CPU
		{E041EAC8-2029-4289-84AE-F9907CB683C0}.Debug|Any CPU.Build.0 = Debug|Any CPU
		{E041EAC8-2029-4289-84AE-F9907CB683C0}.Debug|ARM.ActiveCfg = Debug|Any CPU
		{E041EAC8-2029-4289-84AE-F9907CB683C0}.Debug|ARM.Build.0 = Debug|Any CPU
		{E041EAC8-2029-4289-84AE-F9907CB683C0}.Debug|ARM64.ActiveCfg = Debug|Any CPU
		{E041EAC8-2029-4289-84AE-F9907CB683C0}.Debug|ARM64.Build.0 = Debug|Any CPU
		{E041EAC8-2029-4289-84AE-F9907CB683C0}.Debug|iPhone.ActiveCfg = Debug|Any CPU
		{E041EAC8-2029-4289-84AE-F9907CB683C0}.Debug|iPhone.Build.0 = Debug|Any CPU
		{E041EAC8-2029-4289-84AE-F9907CB683C0}.Debug|iPhoneSimulator.ActiveCfg = Debug|Any CPU
		{E041EAC8-2029-4289-84AE-F9907CB683C0}.Debug|iPhoneSimulator.Build.0 = Debug|Any CPU
		{E041EAC8-2029-4289-84AE-F9907CB683C0}.Debug|x64.ActiveCfg = Debug|Any CPU
		{E041EAC8-2029-4289-84AE-F9907CB683C0}.Debug|x64.Build.0 = Debug|Any CPU
		{E041EAC8-2029-4289-84AE-F9907CB683C0}.Debug|x86.ActiveCfg = Debug|Any CPU
		{E041EAC8-2029-4289-84AE-F9907CB683C0}.Debug|x86.Build.0 = Debug|Any CPU
		{E041EAC8-2029-4289-84AE-F9907CB683C0}.Release|Any CPU.ActiveCfg = Release|Any CPU
		{E041EAC8-2029-4289-84AE-F9907CB683C0}.Release|Any CPU.Build.0 = Release|Any CPU
		{E041EAC8-2029-4289-84AE-F9907CB683C0}.Release|ARM.ActiveCfg = Release|Any CPU
		{E041EAC8-2029-4289-84AE-F9907CB683C0}.Release|ARM.Build.0 = Release|Any CPU
		{E041EAC8-2029-4289-84AE-F9907CB683C0}.Release|ARM64.ActiveCfg = Release|Any CPU
		{E041EAC8-2029-4289-84AE-F9907CB683C0}.Release|ARM64.Build.0 = Release|Any CPU
		{E041EAC8-2029-4289-84AE-F9907CB683C0}.Release|iPhone.ActiveCfg = Release|Any CPU
		{E041EAC8-2029-4289-84AE-F9907CB683C0}.Release|iPhone.Build.0 = Release|Any CPU
		{E041EAC8-2029-4289-84AE-F9907CB683C0}.Release|iPhoneSimulator.ActiveCfg = Release|Any CPU
		{E041EAC8-2029-4289-84AE-F9907CB683C0}.Release|iPhoneSimulator.Build.0 = Release|Any CPU
		{E041EAC8-2029-4289-84AE-F9907CB683C0}.Release|x64.ActiveCfg = Release|Any CPU
		{E041EAC8-2029-4289-84AE-F9907CB683C0}.Release|x64.Build.0 = Release|Any CPU
		{E041EAC8-2029-4289-84AE-F9907CB683C0}.Release|x86.ActiveCfg = Release|Any CPU
		{E041EAC8-2029-4289-84AE-F9907CB683C0}.Release|x86.Build.0 = Release|Any CPU
		{6B57921C-098B-4AD9-A224-910F21765482}.Ad-Hoc|Any CPU.ActiveCfg = Release|iPhoneSimulator
		{6B57921C-098B-4AD9-A224-910F21765482}.Ad-Hoc|Any CPU.Build.0 = Release|iPhoneSimulator
		{6B57921C-098B-4AD9-A224-910F21765482}.Ad-Hoc|ARM.ActiveCfg = Release|iPhoneSimulator
		{6B57921C-098B-4AD9-A224-910F21765482}.Ad-Hoc|ARM.Build.0 = Release|iPhoneSimulator
		{6B57921C-098B-4AD9-A224-910F21765482}.Ad-Hoc|ARM64.ActiveCfg = Release|iPhoneSimulator
		{6B57921C-098B-4AD9-A224-910F21765482}.Ad-Hoc|ARM64.Build.0 = Release|iPhoneSimulator
		{6B57921C-098B-4AD9-A224-910F21765482}.Ad-Hoc|iPhone.ActiveCfg = Release|iPhoneSimulator
		{6B57921C-098B-4AD9-A224-910F21765482}.Ad-Hoc|iPhone.Build.0 = Release|iPhoneSimulator
		{6B57921C-098B-4AD9-A224-910F21765482}.Ad-Hoc|iPhoneSimulator.ActiveCfg = Release|iPhoneSimulator
		{6B57921C-098B-4AD9-A224-910F21765482}.Ad-Hoc|iPhoneSimulator.Build.0 = Release|iPhoneSimulator
		{6B57921C-098B-4AD9-A224-910F21765482}.Ad-Hoc|x64.ActiveCfg = Release|iPhoneSimulator
		{6B57921C-098B-4AD9-A224-910F21765482}.Ad-Hoc|x64.Build.0 = Release|iPhoneSimulator
		{6B57921C-098B-4AD9-A224-910F21765482}.Ad-Hoc|x86.ActiveCfg = Release|iPhoneSimulator
		{6B57921C-098B-4AD9-A224-910F21765482}.Ad-Hoc|x86.Build.0 = Release|iPhoneSimulator
		{6B57921C-098B-4AD9-A224-910F21765482}.AppStore|Any CPU.ActiveCfg = Release|iPhoneSimulator
		{6B57921C-098B-4AD9-A224-910F21765482}.AppStore|Any CPU.Build.0 = Release|iPhoneSimulator
		{6B57921C-098B-4AD9-A224-910F21765482}.AppStore|ARM.ActiveCfg = Release|iPhoneSimulator
		{6B57921C-098B-4AD9-A224-910F21765482}.AppStore|ARM.Build.0 = Release|iPhoneSimulator
		{6B57921C-098B-4AD9-A224-910F21765482}.AppStore|ARM64.ActiveCfg = Release|iPhoneSimulator
		{6B57921C-098B-4AD9-A224-910F21765482}.AppStore|ARM64.Build.0 = Release|iPhoneSimulator
		{6B57921C-098B-4AD9-A224-910F21765482}.AppStore|iPhone.ActiveCfg = Release|iPhoneSimulator
		{6B57921C-098B-4AD9-A224-910F21765482}.AppStore|iPhone.Build.0 = Release|iPhoneSimulator
		{6B57921C-098B-4AD9-A224-910F21765482}.AppStore|iPhoneSimulator.ActiveCfg = Release|iPhoneSimulator
		{6B57921C-098B-4AD9-A224-910F21765482}.AppStore|iPhoneSimulator.Build.0 = Release|iPhoneSimulator
		{6B57921C-098B-4AD9-A224-910F21765482}.AppStore|x64.ActiveCfg = Release|iPhoneSimulator
		{6B57921C-098B-4AD9-A224-910F21765482}.AppStore|x64.Build.0 = Release|iPhoneSimulator
		{6B57921C-098B-4AD9-A224-910F21765482}.AppStore|x86.ActiveCfg = Release|iPhoneSimulator
		{6B57921C-098B-4AD9-A224-910F21765482}.AppStore|x86.Build.0 = Release|iPhoneSimulator
		{6B57921C-098B-4AD9-A224-910F21765482}.Debug|Any CPU.ActiveCfg = Debug|iPhoneSimulator
		{6B57921C-098B-4AD9-A224-910F21765482}.Debug|ARM.ActiveCfg = Debug|iPhoneSimulator
		{6B57921C-098B-4AD9-A224-910F21765482}.Debug|ARM64.ActiveCfg = Debug|iPhoneSimulator
		{6B57921C-098B-4AD9-A224-910F21765482}.Debug|iPhone.ActiveCfg = Debug|iPhoneSimulator
		{6B57921C-098B-4AD9-A224-910F21765482}.Debug|iPhoneSimulator.ActiveCfg = Debug|iPhoneSimulator
		{6B57921C-098B-4AD9-A224-910F21765482}.Debug|iPhoneSimulator.Build.0 = Debug|iPhoneSimulator
		{6B57921C-098B-4AD9-A224-910F21765482}.Debug|x64.ActiveCfg = Debug|iPhoneSimulator
		{6B57921C-098B-4AD9-A224-910F21765482}.Debug|x86.ActiveCfg = Debug|iPhoneSimulator
		{6B57921C-098B-4AD9-A224-910F21765482}.Release|Any CPU.ActiveCfg = Release|iPhoneSimulator
		{6B57921C-098B-4AD9-A224-910F21765482}.Release|ARM.ActiveCfg = Release|iPhoneSimulator
		{6B57921C-098B-4AD9-A224-910F21765482}.Release|ARM64.ActiveCfg = Release|iPhoneSimulator
		{6B57921C-098B-4AD9-A224-910F21765482}.Release|iPhone.ActiveCfg = Release|iPhoneSimulator
		{6B57921C-098B-4AD9-A224-910F21765482}.Release|iPhoneSimulator.ActiveCfg = Release|iPhoneSimulator
		{6B57921C-098B-4AD9-A224-910F21765482}.Release|iPhoneSimulator.Build.0 = Release|iPhoneSimulator
		{6B57921C-098B-4AD9-A224-910F21765482}.Release|x64.ActiveCfg = Release|iPhoneSimulator
		{6B57921C-098B-4AD9-A224-910F21765482}.Release|x86.ActiveCfg = Release|iPhoneSimulator
		{74BB86C4-63A1-49AA-BD9B-3CDCF0B7AB8A}.Ad-Hoc|Any CPU.ActiveCfg = Debug|Any CPU
		{74BB86C4-63A1-49AA-BD9B-3CDCF0B7AB8A}.Ad-Hoc|Any CPU.Build.0 = Debug|Any CPU
		{74BB86C4-63A1-49AA-BD9B-3CDCF0B7AB8A}.Ad-Hoc|ARM.ActiveCfg = Debug|Any CPU
		{74BB86C4-63A1-49AA-BD9B-3CDCF0B7AB8A}.Ad-Hoc|ARM.Build.0 = Debug|Any CPU
		{74BB86C4-63A1-49AA-BD9B-3CDCF0B7AB8A}.Ad-Hoc|ARM64.ActiveCfg = Debug|Any CPU
		{74BB86C4-63A1-49AA-BD9B-3CDCF0B7AB8A}.Ad-Hoc|ARM64.Build.0 = Debug|Any CPU
		{74BB86C4-63A1-49AA-BD9B-3CDCF0B7AB8A}.Ad-Hoc|iPhone.ActiveCfg = Debug|Any CPU
		{74BB86C4-63A1-49AA-BD9B-3CDCF0B7AB8A}.Ad-Hoc|iPhone.Build.0 = Debug|Any CPU
		{74BB86C4-63A1-49AA-BD9B-3CDCF0B7AB8A}.Ad-Hoc|iPhoneSimulator.ActiveCfg = Debug|Any CPU
		{74BB86C4-63A1-49AA-BD9B-3CDCF0B7AB8A}.Ad-Hoc|iPhoneSimulator.Build.0 = Debug|Any CPU
		{74BB86C4-63A1-49AA-BD9B-3CDCF0B7AB8A}.Ad-Hoc|x64.ActiveCfg = Debug|Any CPU
		{74BB86C4-63A1-49AA-BD9B-3CDCF0B7AB8A}.Ad-Hoc|x64.Build.0 = Debug|Any CPU
		{74BB86C4-63A1-49AA-BD9B-3CDCF0B7AB8A}.Ad-Hoc|x86.ActiveCfg = Debug|Any CPU
		{74BB86C4-63A1-49AA-BD9B-3CDCF0B7AB8A}.Ad-Hoc|x86.Build.0 = Debug|Any CPU
		{74BB86C4-63A1-49AA-BD9B-3CDCF0B7AB8A}.AppStore|Any CPU.ActiveCfg = Debug|Any CPU
		{74BB86C4-63A1-49AA-BD9B-3CDCF0B7AB8A}.AppStore|Any CPU.Build.0 = Debug|Any CPU
		{74BB86C4-63A1-49AA-BD9B-3CDCF0B7AB8A}.AppStore|ARM.ActiveCfg = Debug|Any CPU
		{74BB86C4-63A1-49AA-BD9B-3CDCF0B7AB8A}.AppStore|ARM.Build.0 = Debug|Any CPU
		{74BB86C4-63A1-49AA-BD9B-3CDCF0B7AB8A}.AppStore|ARM64.ActiveCfg = Debug|Any CPU
		{74BB86C4-63A1-49AA-BD9B-3CDCF0B7AB8A}.AppStore|ARM64.Build.0 = Debug|Any CPU
		{74BB86C4-63A1-49AA-BD9B-3CDCF0B7AB8A}.AppStore|iPhone.ActiveCfg = Debug|Any CPU
		{74BB86C4-63A1-49AA-BD9B-3CDCF0B7AB8A}.AppStore|iPhone.Build.0 = Debug|Any CPU
		{74BB86C4-63A1-49AA-BD9B-3CDCF0B7AB8A}.AppStore|iPhoneSimulator.ActiveCfg = Debug|Any CPU
		{74BB86C4-63A1-49AA-BD9B-3CDCF0B7AB8A}.AppStore|iPhoneSimulator.Build.0 = Debug|Any CPU
		{74BB86C4-63A1-49AA-BD9B-3CDCF0B7AB8A}.AppStore|x64.ActiveCfg = Debug|Any CPU
		{74BB86C4-63A1-49AA-BD9B-3CDCF0B7AB8A}.AppStore|x64.Build.0 = Debug|Any CPU
		{74BB86C4-63A1-49AA-BD9B-3CDCF0B7AB8A}.AppStore|x86.ActiveCfg = Debug|Any CPU
		{74BB86C4-63A1-49AA-BD9B-3CDCF0B7AB8A}.AppStore|x86.Build.0 = Debug|Any CPU
		{74BB86C4-63A1-49AA-BD9B-3CDCF0B7AB8A}.Debug|Any CPU.ActiveCfg = Debug|Any CPU
		{74BB86C4-63A1-49AA-BD9B-3CDCF0B7AB8A}.Debug|Any CPU.Build.0 = Debug|Any CPU
		{74BB86C4-63A1-49AA-BD9B-3CDCF0B7AB8A}.Debug|ARM.ActiveCfg = Debug|Any CPU
		{74BB86C4-63A1-49AA-BD9B-3CDCF0B7AB8A}.Debug|ARM.Build.0 = Debug|Any CPU
		{74BB86C4-63A1-49AA-BD9B-3CDCF0B7AB8A}.Debug|ARM64.ActiveCfg = Debug|Any CPU
		{74BB86C4-63A1-49AA-BD9B-3CDCF0B7AB8A}.Debug|ARM64.Build.0 = Debug|Any CPU
		{74BB86C4-63A1-49AA-BD9B-3CDCF0B7AB8A}.Debug|iPhone.ActiveCfg = Debug|Any CPU
		{74BB86C4-63A1-49AA-BD9B-3CDCF0B7AB8A}.Debug|iPhone.Build.0 = Debug|Any CPU
		{74BB86C4-63A1-49AA-BD9B-3CDCF0B7AB8A}.Debug|iPhoneSimulator.ActiveCfg = Debug|Any CPU
		{74BB86C4-63A1-49AA-BD9B-3CDCF0B7AB8A}.Debug|iPhoneSimulator.Build.0 = Debug|Any CPU
		{74BB86C4-63A1-49AA-BD9B-3CDCF0B7AB8A}.Debug|x64.ActiveCfg = Debug|Any CPU
		{74BB86C4-63A1-49AA-BD9B-3CDCF0B7AB8A}.Debug|x64.Build.0 = Debug|Any CPU
		{74BB86C4-63A1-49AA-BD9B-3CDCF0B7AB8A}.Debug|x86.ActiveCfg = Debug|Any CPU
		{74BB86C4-63A1-49AA-BD9B-3CDCF0B7AB8A}.Debug|x86.Build.0 = Debug|Any CPU
		{74BB86C4-63A1-49AA-BD9B-3CDCF0B7AB8A}.Release|Any CPU.ActiveCfg = Release|Any CPU
		{74BB86C4-63A1-49AA-BD9B-3CDCF0B7AB8A}.Release|Any CPU.Build.0 = Release|Any CPU
		{74BB86C4-63A1-49AA-BD9B-3CDCF0B7AB8A}.Release|ARM.ActiveCfg = Release|Any CPU
		{74BB86C4-63A1-49AA-BD9B-3CDCF0B7AB8A}.Release|ARM.Build.0 = Release|Any CPU
		{74BB86C4-63A1-49AA-BD9B-3CDCF0B7AB8A}.Release|ARM64.ActiveCfg = Release|Any CPU
		{74BB86C4-63A1-49AA-BD9B-3CDCF0B7AB8A}.Release|ARM64.Build.0 = Release|Any CPU
		{74BB86C4-63A1-49AA-BD9B-3CDCF0B7AB8A}.Release|iPhone.ActiveCfg = Release|Any CPU
		{74BB86C4-63A1-49AA-BD9B-3CDCF0B7AB8A}.Release|iPhone.Build.0 = Release|Any CPU
		{74BB86C4-63A1-49AA-BD9B-3CDCF0B7AB8A}.Release|iPhoneSimulator.ActiveCfg = Release|Any CPU
		{74BB86C4-63A1-49AA-BD9B-3CDCF0B7AB8A}.Release|iPhoneSimulator.Build.0 = Release|Any CPU
		{74BB86C4-63A1-49AA-BD9B-3CDCF0B7AB8A}.Release|x64.ActiveCfg = Release|Any CPU
		{74BB86C4-63A1-49AA-BD9B-3CDCF0B7AB8A}.Release|x64.Build.0 = Release|Any CPU
		{74BB86C4-63A1-49AA-BD9B-3CDCF0B7AB8A}.Release|x86.ActiveCfg = Release|Any CPU
		{74BB86C4-63A1-49AA-BD9B-3CDCF0B7AB8A}.Release|x86.Build.0 = Release|Any CPU
		{B5830D0E-35D1-4151-8CCF-1EC453BC4B44}.Ad-Hoc|Any CPU.ActiveCfg = Release|Any CPU
		{B5830D0E-35D1-4151-8CCF-1EC453BC4B44}.Ad-Hoc|Any CPU.Build.0 = Release|Any CPU
		{B5830D0E-35D1-4151-8CCF-1EC453BC4B44}.Ad-Hoc|Any CPU.Deploy.0 = Release|Any CPU
		{B5830D0E-35D1-4151-8CCF-1EC453BC4B44}.Ad-Hoc|ARM.ActiveCfg = Release|Any CPU
		{B5830D0E-35D1-4151-8CCF-1EC453BC4B44}.Ad-Hoc|ARM.Build.0 = Release|Any CPU
		{B5830D0E-35D1-4151-8CCF-1EC453BC4B44}.Ad-Hoc|ARM.Deploy.0 = Release|Any CPU
		{B5830D0E-35D1-4151-8CCF-1EC453BC4B44}.Ad-Hoc|ARM64.ActiveCfg = Release|Any CPU
		{B5830D0E-35D1-4151-8CCF-1EC453BC4B44}.Ad-Hoc|ARM64.Build.0 = Release|Any CPU
		{B5830D0E-35D1-4151-8CCF-1EC453BC4B44}.Ad-Hoc|ARM64.Deploy.0 = Release|Any CPU
		{B5830D0E-35D1-4151-8CCF-1EC453BC4B44}.Ad-Hoc|iPhone.ActiveCfg = Release|Any CPU
		{B5830D0E-35D1-4151-8CCF-1EC453BC4B44}.Ad-Hoc|iPhone.Build.0 = Release|Any CPU
		{B5830D0E-35D1-4151-8CCF-1EC453BC4B44}.Ad-Hoc|iPhone.Deploy.0 = Release|Any CPU
		{B5830D0E-35D1-4151-8CCF-1EC453BC4B44}.Ad-Hoc|iPhoneSimulator.ActiveCfg = Release|Any CPU
		{B5830D0E-35D1-4151-8CCF-1EC453BC4B44}.Ad-Hoc|iPhoneSimulator.Build.0 = Release|Any CPU
		{B5830D0E-35D1-4151-8CCF-1EC453BC4B44}.Ad-Hoc|iPhoneSimulator.Deploy.0 = Release|Any CPU
		{B5830D0E-35D1-4151-8CCF-1EC453BC4B44}.Ad-Hoc|x64.ActiveCfg = Release|Any CPU
		{B5830D0E-35D1-4151-8CCF-1EC453BC4B44}.Ad-Hoc|x64.Build.0 = Release|Any CPU
		{B5830D0E-35D1-4151-8CCF-1EC453BC4B44}.Ad-Hoc|x64.Deploy.0 = Release|Any CPU
		{B5830D0E-35D1-4151-8CCF-1EC453BC4B44}.Ad-Hoc|x86.ActiveCfg = Release|Any CPU
		{B5830D0E-35D1-4151-8CCF-1EC453BC4B44}.Ad-Hoc|x86.Build.0 = Release|Any CPU
		{B5830D0E-35D1-4151-8CCF-1EC453BC4B44}.Ad-Hoc|x86.Deploy.0 = Release|Any CPU
		{B5830D0E-35D1-4151-8CCF-1EC453BC4B44}.AppStore|Any CPU.ActiveCfg = Release|Any CPU
		{B5830D0E-35D1-4151-8CCF-1EC453BC4B44}.AppStore|Any CPU.Build.0 = Release|Any CPU
		{B5830D0E-35D1-4151-8CCF-1EC453BC4B44}.AppStore|Any CPU.Deploy.0 = Release|Any CPU
		{B5830D0E-35D1-4151-8CCF-1EC453BC4B44}.AppStore|ARM.ActiveCfg = Release|Any CPU
		{B5830D0E-35D1-4151-8CCF-1EC453BC4B44}.AppStore|ARM.Build.0 = Release|Any CPU
		{B5830D0E-35D1-4151-8CCF-1EC453BC4B44}.AppStore|ARM.Deploy.0 = Release|Any CPU
		{B5830D0E-35D1-4151-8CCF-1EC453BC4B44}.AppStore|ARM64.ActiveCfg = Release|Any CPU
		{B5830D0E-35D1-4151-8CCF-1EC453BC4B44}.AppStore|ARM64.Build.0 = Release|Any CPU
		{B5830D0E-35D1-4151-8CCF-1EC453BC4B44}.AppStore|ARM64.Deploy.0 = Release|Any CPU
		{B5830D0E-35D1-4151-8CCF-1EC453BC4B44}.AppStore|iPhone.ActiveCfg = Release|Any CPU
		{B5830D0E-35D1-4151-8CCF-1EC453BC4B44}.AppStore|iPhone.Build.0 = Release|Any CPU
		{B5830D0E-35D1-4151-8CCF-1EC453BC4B44}.AppStore|iPhone.Deploy.0 = Release|Any CPU
		{B5830D0E-35D1-4151-8CCF-1EC453BC4B44}.AppStore|iPhoneSimulator.ActiveCfg = Release|Any CPU
		{B5830D0E-35D1-4151-8CCF-1EC453BC4B44}.AppStore|iPhoneSimulator.Build.0 = Release|Any CPU
		{B5830D0E-35D1-4151-8CCF-1EC453BC4B44}.AppStore|iPhoneSimulator.Deploy.0 = Release|Any CPU
		{B5830D0E-35D1-4151-8CCF-1EC453BC4B44}.AppStore|x64.ActiveCfg = Release|Any CPU
		{B5830D0E-35D1-4151-8CCF-1EC453BC4B44}.AppStore|x64.Build.0 = Release|Any CPU
		{B5830D0E-35D1-4151-8CCF-1EC453BC4B44}.AppStore|x64.Deploy.0 = Release|Any CPU
		{B5830D0E-35D1-4151-8CCF-1EC453BC4B44}.AppStore|x86.ActiveCfg = Release|Any CPU
		{B5830D0E-35D1-4151-8CCF-1EC453BC4B44}.AppStore|x86.Build.0 = Release|Any CPU
		{B5830D0E-35D1-4151-8CCF-1EC453BC4B44}.AppStore|x86.Deploy.0 = Release|Any CPU
		{B5830D0E-35D1-4151-8CCF-1EC453BC4B44}.Debug|Any CPU.ActiveCfg = Debug|Any CPU
		{B5830D0E-35D1-4151-8CCF-1EC453BC4B44}.Debug|Any CPU.Build.0 = Debug|Any CPU
		{B5830D0E-35D1-4151-8CCF-1EC453BC4B44}.Debug|Any CPU.Deploy.0 = Debug|Any CPU
		{B5830D0E-35D1-4151-8CCF-1EC453BC4B44}.Debug|ARM.ActiveCfg = Debug|Any CPU
		{B5830D0E-35D1-4151-8CCF-1EC453BC4B44}.Debug|ARM.Build.0 = Debug|Any CPU
		{B5830D0E-35D1-4151-8CCF-1EC453BC4B44}.Debug|ARM.Deploy.0 = Debug|Any CPU
		{B5830D0E-35D1-4151-8CCF-1EC453BC4B44}.Debug|ARM64.ActiveCfg = Debug|Any CPU
		{B5830D0E-35D1-4151-8CCF-1EC453BC4B44}.Debug|ARM64.Build.0 = Debug|Any CPU
		{B5830D0E-35D1-4151-8CCF-1EC453BC4B44}.Debug|ARM64.Deploy.0 = Debug|Any CPU
		{B5830D0E-35D1-4151-8CCF-1EC453BC4B44}.Debug|iPhone.ActiveCfg = Debug|Any CPU
		{B5830D0E-35D1-4151-8CCF-1EC453BC4B44}.Debug|iPhone.Build.0 = Debug|Any CPU
		{B5830D0E-35D1-4151-8CCF-1EC453BC4B44}.Debug|iPhone.Deploy.0 = Debug|Any CPU
		{B5830D0E-35D1-4151-8CCF-1EC453BC4B44}.Debug|iPhoneSimulator.ActiveCfg = Debug|Any CPU
		{B5830D0E-35D1-4151-8CCF-1EC453BC4B44}.Debug|iPhoneSimulator.Build.0 = Debug|Any CPU
		{B5830D0E-35D1-4151-8CCF-1EC453BC4B44}.Debug|iPhoneSimulator.Deploy.0 = Debug|Any CPU
		{B5830D0E-35D1-4151-8CCF-1EC453BC4B44}.Debug|x64.ActiveCfg = Debug|Any CPU
		{B5830D0E-35D1-4151-8CCF-1EC453BC4B44}.Debug|x64.Build.0 = Debug|Any CPU
		{B5830D0E-35D1-4151-8CCF-1EC453BC4B44}.Debug|x64.Deploy.0 = Debug|Any CPU
		{B5830D0E-35D1-4151-8CCF-1EC453BC4B44}.Debug|x86.ActiveCfg = Debug|Any CPU
		{B5830D0E-35D1-4151-8CCF-1EC453BC4B44}.Debug|x86.Build.0 = Debug|Any CPU
		{B5830D0E-35D1-4151-8CCF-1EC453BC4B44}.Debug|x86.Deploy.0 = Debug|Any CPU
		{B5830D0E-35D1-4151-8CCF-1EC453BC4B44}.Release|Any CPU.ActiveCfg = Release|Any CPU
		{B5830D0E-35D1-4151-8CCF-1EC453BC4B44}.Release|Any CPU.Build.0 = Release|Any CPU
		{B5830D0E-35D1-4151-8CCF-1EC453BC4B44}.Release|Any CPU.Deploy.0 = Release|Any CPU
		{B5830D0E-35D1-4151-8CCF-1EC453BC4B44}.Release|ARM.ActiveCfg = Release|Any CPU
		{B5830D0E-35D1-4151-8CCF-1EC453BC4B44}.Release|ARM.Build.0 = Release|Any CPU
		{B5830D0E-35D1-4151-8CCF-1EC453BC4B44}.Release|ARM.Deploy.0 = Release|Any CPU
		{B5830D0E-35D1-4151-8CCF-1EC453BC4B44}.Release|ARM64.ActiveCfg = Release|Any CPU
		{B5830D0E-35D1-4151-8CCF-1EC453BC4B44}.Release|ARM64.Build.0 = Release|Any CPU
		{B5830D0E-35D1-4151-8CCF-1EC453BC4B44}.Release|ARM64.Deploy.0 = Release|Any CPU
		{B5830D0E-35D1-4151-8CCF-1EC453BC4B44}.Release|iPhone.ActiveCfg = Release|Any CPU
		{B5830D0E-35D1-4151-8CCF-1EC453BC4B44}.Release|iPhone.Build.0 = Release|Any CPU
		{B5830D0E-35D1-4151-8CCF-1EC453BC4B44}.Release|iPhone.Deploy.0 = Release|Any CPU
		{B5830D0E-35D1-4151-8CCF-1EC453BC4B44}.Release|iPhoneSimulator.ActiveCfg = Release|Any CPU
		{B5830D0E-35D1-4151-8CCF-1EC453BC4B44}.Release|iPhoneSimulator.Build.0 = Release|Any CPU
		{B5830D0E-35D1-4151-8CCF-1EC453BC4B44}.Release|iPhoneSimulator.Deploy.0 = Release|Any CPU
		{B5830D0E-35D1-4151-8CCF-1EC453BC4B44}.Release|x64.ActiveCfg = Release|Any CPU
		{B5830D0E-35D1-4151-8CCF-1EC453BC4B44}.Release|x64.Build.0 = Release|Any CPU
		{B5830D0E-35D1-4151-8CCF-1EC453BC4B44}.Release|x64.Deploy.0 = Release|Any CPU
		{B5830D0E-35D1-4151-8CCF-1EC453BC4B44}.Release|x86.ActiveCfg = Release|Any CPU
		{B5830D0E-35D1-4151-8CCF-1EC453BC4B44}.Release|x86.Build.0 = Release|Any CPU
		{B5830D0E-35D1-4151-8CCF-1EC453BC4B44}.Release|x86.Deploy.0 = Release|Any CPU
		{B7081839-E2D8-4DF3-A30A-9D924E043C45}.Ad-Hoc|Any CPU.ActiveCfg = Release|iPhone
		{B7081839-E2D8-4DF3-A30A-9D924E043C45}.Ad-Hoc|Any CPU.Build.0 = Release|iPhone
		{B7081839-E2D8-4DF3-A30A-9D924E043C45}.Ad-Hoc|ARM.ActiveCfg = Release|iPhone
		{B7081839-E2D8-4DF3-A30A-9D924E043C45}.Ad-Hoc|ARM.Build.0 = Release|iPhone
		{B7081839-E2D8-4DF3-A30A-9D924E043C45}.Ad-Hoc|ARM64.ActiveCfg = Release|iPhone
		{B7081839-E2D8-4DF3-A30A-9D924E043C45}.Ad-Hoc|ARM64.Build.0 = Release|iPhone
		{B7081839-E2D8-4DF3-A30A-9D924E043C45}.Ad-Hoc|iPhone.ActiveCfg = Release|iPhone
		{B7081839-E2D8-4DF3-A30A-9D924E043C45}.Ad-Hoc|iPhone.Build.0 = Release|iPhone
		{B7081839-E2D8-4DF3-A30A-9D924E043C45}.Ad-Hoc|iPhoneSimulator.ActiveCfg = Release|iPhoneSimulator
		{B7081839-E2D8-4DF3-A30A-9D924E043C45}.Ad-Hoc|iPhoneSimulator.Build.0 = Release|iPhoneSimulator
		{B7081839-E2D8-4DF3-A30A-9D924E043C45}.Ad-Hoc|x64.ActiveCfg = Release|iPhone
		{B7081839-E2D8-4DF3-A30A-9D924E043C45}.Ad-Hoc|x64.Build.0 = Release|iPhone
		{B7081839-E2D8-4DF3-A30A-9D924E043C45}.Ad-Hoc|x86.ActiveCfg = Release|iPhone
		{B7081839-E2D8-4DF3-A30A-9D924E043C45}.Ad-Hoc|x86.Build.0 = Release|iPhone
		{B7081839-E2D8-4DF3-A30A-9D924E043C45}.AppStore|Any CPU.ActiveCfg = Release|iPhone
		{B7081839-E2D8-4DF3-A30A-9D924E043C45}.AppStore|Any CPU.Build.0 = Release|iPhone
		{B7081839-E2D8-4DF3-A30A-9D924E043C45}.AppStore|ARM.ActiveCfg = Release|iPhone
		{B7081839-E2D8-4DF3-A30A-9D924E043C45}.AppStore|ARM.Build.0 = Release|iPhone
		{B7081839-E2D8-4DF3-A30A-9D924E043C45}.AppStore|ARM64.ActiveCfg = Release|iPhone
		{B7081839-E2D8-4DF3-A30A-9D924E043C45}.AppStore|ARM64.Build.0 = Release|iPhone
		{B7081839-E2D8-4DF3-A30A-9D924E043C45}.AppStore|iPhone.ActiveCfg = Release|iPhone
		{B7081839-E2D8-4DF3-A30A-9D924E043C45}.AppStore|iPhone.Build.0 = Release|iPhone
		{B7081839-E2D8-4DF3-A30A-9D924E043C45}.AppStore|iPhoneSimulator.ActiveCfg = Release|iPhoneSimulator
		{B7081839-E2D8-4DF3-A30A-9D924E043C45}.AppStore|iPhoneSimulator.Build.0 = Release|iPhoneSimulator
		{B7081839-E2D8-4DF3-A30A-9D924E043C45}.AppStore|x64.ActiveCfg = Release|iPhone
		{B7081839-E2D8-4DF3-A30A-9D924E043C45}.AppStore|x64.Build.0 = Release|iPhone
		{B7081839-E2D8-4DF3-A30A-9D924E043C45}.AppStore|x86.ActiveCfg = Release|iPhone
		{B7081839-E2D8-4DF3-A30A-9D924E043C45}.AppStore|x86.Build.0 = Release|iPhone
		{B7081839-E2D8-4DF3-A30A-9D924E043C45}.Debug|Any CPU.ActiveCfg = Debug|iPhone
		{B7081839-E2D8-4DF3-A30A-9D924E043C45}.Debug|ARM.ActiveCfg = Debug|iPhone
		{B7081839-E2D8-4DF3-A30A-9D924E043C45}.Debug|ARM64.ActiveCfg = Debug|iPhone
		{B7081839-E2D8-4DF3-A30A-9D924E043C45}.Debug|iPhone.ActiveCfg = Debug|iPhone
		{B7081839-E2D8-4DF3-A30A-9D924E043C45}.Debug|iPhone.Build.0 = Debug|iPhone
		{B7081839-E2D8-4DF3-A30A-9D924E043C45}.Debug|iPhoneSimulator.ActiveCfg = Debug|iPhoneSimulator
		{B7081839-E2D8-4DF3-A30A-9D924E043C45}.Debug|iPhoneSimulator.Build.0 = Debug|iPhoneSimulator
		{B7081839-E2D8-4DF3-A30A-9D924E043C45}.Debug|x64.ActiveCfg = Debug|iPhone
		{B7081839-E2D8-4DF3-A30A-9D924E043C45}.Debug|x86.ActiveCfg = Debug|iPhone
		{B7081839-E2D8-4DF3-A30A-9D924E043C45}.Release|Any CPU.ActiveCfg = Release|iPhone
		{B7081839-E2D8-4DF3-A30A-9D924E043C45}.Release|ARM.ActiveCfg = Release|iPhone
		{B7081839-E2D8-4DF3-A30A-9D924E043C45}.Release|ARM64.ActiveCfg = Release|iPhone
		{B7081839-E2D8-4DF3-A30A-9D924E043C45}.Release|iPhone.ActiveCfg = Release|iPhone
		{B7081839-E2D8-4DF3-A30A-9D924E043C45}.Release|iPhone.Build.0 = Release|iPhone
		{B7081839-E2D8-4DF3-A30A-9D924E043C45}.Release|iPhoneSimulator.ActiveCfg = Release|iPhoneSimulator
		{B7081839-E2D8-4DF3-A30A-9D924E043C45}.Release|iPhoneSimulator.Build.0 = Release|iPhoneSimulator
		{B7081839-E2D8-4DF3-A30A-9D924E043C45}.Release|x64.ActiveCfg = Release|iPhone
		{B7081839-E2D8-4DF3-A30A-9D924E043C45}.Release|x86.ActiveCfg = Release|iPhone
		{A743E040-C1E6-48D5-B7B8-30619D49E122}.Ad-Hoc|Any CPU.ActiveCfg = Release|x86
		{A743E040-C1E6-48D5-B7B8-30619D49E122}.Ad-Hoc|Any CPU.Build.0 = Release|x86
		{A743E040-C1E6-48D5-B7B8-30619D49E122}.Ad-Hoc|Any CPU.Deploy.0 = Release|x86
		{A743E040-C1E6-48D5-B7B8-30619D49E122}.Ad-Hoc|ARM.ActiveCfg = Release|ARM
		{A743E040-C1E6-48D5-B7B8-30619D49E122}.Ad-Hoc|ARM.Build.0 = Release|ARM
		{A743E040-C1E6-48D5-B7B8-30619D49E122}.Ad-Hoc|ARM.Deploy.0 = Release|ARM
		{A743E040-C1E6-48D5-B7B8-30619D49E122}.Ad-Hoc|ARM64.ActiveCfg = Release|x86
		{A743E040-C1E6-48D5-B7B8-30619D49E122}.Ad-Hoc|ARM64.Build.0 = Release|x86
		{A743E040-C1E6-48D5-B7B8-30619D49E122}.Ad-Hoc|ARM64.Deploy.0 = Release|x86
		{A743E040-C1E6-48D5-B7B8-30619D49E122}.Ad-Hoc|iPhone.ActiveCfg = Release|x86
		{A743E040-C1E6-48D5-B7B8-30619D49E122}.Ad-Hoc|iPhone.Build.0 = Release|x86
		{A743E040-C1E6-48D5-B7B8-30619D49E122}.Ad-Hoc|iPhone.Deploy.0 = Release|x86
		{A743E040-C1E6-48D5-B7B8-30619D49E122}.Ad-Hoc|iPhoneSimulator.ActiveCfg = Release|x86
		{A743E040-C1E6-48D5-B7B8-30619D49E122}.Ad-Hoc|iPhoneSimulator.Build.0 = Release|x86
		{A743E040-C1E6-48D5-B7B8-30619D49E122}.Ad-Hoc|iPhoneSimulator.Deploy.0 = Release|x86
		{A743E040-C1E6-48D5-B7B8-30619D49E122}.Ad-Hoc|x64.ActiveCfg = Release|x64
		{A743E040-C1E6-48D5-B7B8-30619D49E122}.Ad-Hoc|x64.Build.0 = Release|x64
		{A743E040-C1E6-48D5-B7B8-30619D49E122}.Ad-Hoc|x64.Deploy.0 = Release|x64
		{A743E040-C1E6-48D5-B7B8-30619D49E122}.Ad-Hoc|x86.ActiveCfg = Release|x86
		{A743E040-C1E6-48D5-B7B8-30619D49E122}.Ad-Hoc|x86.Build.0 = Release|x86
		{A743E040-C1E6-48D5-B7B8-30619D49E122}.Ad-Hoc|x86.Deploy.0 = Release|x86
		{A743E040-C1E6-48D5-B7B8-30619D49E122}.AppStore|Any CPU.ActiveCfg = Release|x86
		{A743E040-C1E6-48D5-B7B8-30619D49E122}.AppStore|Any CPU.Build.0 = Release|x86
		{A743E040-C1E6-48D5-B7B8-30619D49E122}.AppStore|Any CPU.Deploy.0 = Release|x86
		{A743E040-C1E6-48D5-B7B8-30619D49E122}.AppStore|ARM.ActiveCfg = Release|ARM
		{A743E040-C1E6-48D5-B7B8-30619D49E122}.AppStore|ARM.Build.0 = Release|ARM
		{A743E040-C1E6-48D5-B7B8-30619D49E122}.AppStore|ARM.Deploy.0 = Release|ARM
		{A743E040-C1E6-48D5-B7B8-30619D49E122}.AppStore|ARM64.ActiveCfg = Release|x86
		{A743E040-C1E6-48D5-B7B8-30619D49E122}.AppStore|ARM64.Build.0 = Release|x86
		{A743E040-C1E6-48D5-B7B8-30619D49E122}.AppStore|ARM64.Deploy.0 = Release|x86
		{A743E040-C1E6-48D5-B7B8-30619D49E122}.AppStore|iPhone.ActiveCfg = Release|x86
		{A743E040-C1E6-48D5-B7B8-30619D49E122}.AppStore|iPhone.Build.0 = Release|x86
		{A743E040-C1E6-48D5-B7B8-30619D49E122}.AppStore|iPhone.Deploy.0 = Release|x86
		{A743E040-C1E6-48D5-B7B8-30619D49E122}.AppStore|iPhoneSimulator.ActiveCfg = Release|x86
		{A743E040-C1E6-48D5-B7B8-30619D49E122}.AppStore|iPhoneSimulator.Build.0 = Release|x86
		{A743E040-C1E6-48D5-B7B8-30619D49E122}.AppStore|iPhoneSimulator.Deploy.0 = Release|x86
		{A743E040-C1E6-48D5-B7B8-30619D49E122}.AppStore|x64.ActiveCfg = Release|x64
		{A743E040-C1E6-48D5-B7B8-30619D49E122}.AppStore|x64.Build.0 = Release|x64
		{A743E040-C1E6-48D5-B7B8-30619D49E122}.AppStore|x64.Deploy.0 = Release|x64
		{A743E040-C1E6-48D5-B7B8-30619D49E122}.AppStore|x86.ActiveCfg = Release|x86
		{A743E040-C1E6-48D5-B7B8-30619D49E122}.AppStore|x86.Build.0 = Release|x86
		{A743E040-C1E6-48D5-B7B8-30619D49E122}.AppStore|x86.Deploy.0 = Release|x86
		{A743E040-C1E6-48D5-B7B8-30619D49E122}.Debug|Any CPU.ActiveCfg = Debug|x86
		{A743E040-C1E6-48D5-B7B8-30619D49E122}.Debug|ARM.ActiveCfg = Debug|ARM
		{A743E040-C1E6-48D5-B7B8-30619D49E122}.Debug|ARM.Build.0 = Debug|ARM
		{A743E040-C1E6-48D5-B7B8-30619D49E122}.Debug|ARM.Deploy.0 = Debug|ARM
		{A743E040-C1E6-48D5-B7B8-30619D49E122}.Debug|ARM64.ActiveCfg = Debug|x86
		{A743E040-C1E6-48D5-B7B8-30619D49E122}.Debug|iPhone.ActiveCfg = Debug|x86
		{A743E040-C1E6-48D5-B7B8-30619D49E122}.Debug|iPhoneSimulator.ActiveCfg = Debug|x86
		{A743E040-C1E6-48D5-B7B8-30619D49E122}.Debug|x64.ActiveCfg = Debug|x64
		{A743E040-C1E6-48D5-B7B8-30619D49E122}.Debug|x64.Build.0 = Debug|x64
		{A743E040-C1E6-48D5-B7B8-30619D49E122}.Debug|x64.Deploy.0 = Debug|x64
		{A743E040-C1E6-48D5-B7B8-30619D49E122}.Debug|x86.ActiveCfg = Debug|x86
		{A743E040-C1E6-48D5-B7B8-30619D49E122}.Debug|x86.Build.0 = Debug|x86
		{A743E040-C1E6-48D5-B7B8-30619D49E122}.Debug|x86.Deploy.0 = Debug|x86
		{A743E040-C1E6-48D5-B7B8-30619D49E122}.Release|Any CPU.ActiveCfg = Release|x86
		{A743E040-C1E6-48D5-B7B8-30619D49E122}.Release|ARM.ActiveCfg = Release|ARM
		{A743E040-C1E6-48D5-B7B8-30619D49E122}.Release|ARM.Build.0 = Release|ARM
		{A743E040-C1E6-48D5-B7B8-30619D49E122}.Release|ARM.Deploy.0 = Release|ARM
		{A743E040-C1E6-48D5-B7B8-30619D49E122}.Release|ARM64.ActiveCfg = Release|x86
		{A743E040-C1E6-48D5-B7B8-30619D49E122}.Release|iPhone.ActiveCfg = Release|x86
		{A743E040-C1E6-48D5-B7B8-30619D49E122}.Release|iPhoneSimulator.ActiveCfg = Release|x86
		{A743E040-C1E6-48D5-B7B8-30619D49E122}.Release|x64.ActiveCfg = Release|x64
		{A743E040-C1E6-48D5-B7B8-30619D49E122}.Release|x64.Build.0 = Release|x64
		{A743E040-C1E6-48D5-B7B8-30619D49E122}.Release|x64.Deploy.0 = Release|x64
		{A743E040-C1E6-48D5-B7B8-30619D49E122}.Release|x86.ActiveCfg = Release|x86
		{A743E040-C1E6-48D5-B7B8-30619D49E122}.Release|x86.Build.0 = Release|x86
		{A743E040-C1E6-48D5-B7B8-30619D49E122}.Release|x86.Deploy.0 = Release|x86
		{4F8E26DC-8020-4432-B415-89F03DFFC04D}.Ad-Hoc|Any CPU.ActiveCfg = Debug|Any CPU
		{4F8E26DC-8020-4432-B415-89F03DFFC04D}.Ad-Hoc|Any CPU.Build.0 = Debug|Any CPU
		{4F8E26DC-8020-4432-B415-89F03DFFC04D}.Ad-Hoc|ARM.ActiveCfg = Debug|Any CPU
		{4F8E26DC-8020-4432-B415-89F03DFFC04D}.Ad-Hoc|ARM.Build.0 = Debug|Any CPU
		{4F8E26DC-8020-4432-B415-89F03DFFC04D}.Ad-Hoc|ARM64.ActiveCfg = Debug|Any CPU
		{4F8E26DC-8020-4432-B415-89F03DFFC04D}.Ad-Hoc|ARM64.Build.0 = Debug|Any CPU
		{4F8E26DC-8020-4432-B415-89F03DFFC04D}.Ad-Hoc|iPhone.ActiveCfg = Debug|Any CPU
		{4F8E26DC-8020-4432-B415-89F03DFFC04D}.Ad-Hoc|iPhone.Build.0 = Debug|Any CPU
		{4F8E26DC-8020-4432-B415-89F03DFFC04D}.Ad-Hoc|iPhoneSimulator.ActiveCfg = Debug|Any CPU
		{4F8E26DC-8020-4432-B415-89F03DFFC04D}.Ad-Hoc|iPhoneSimulator.Build.0 = Debug|Any CPU
		{4F8E26DC-8020-4432-B415-89F03DFFC04D}.Ad-Hoc|x64.ActiveCfg = Debug|Any CPU
		{4F8E26DC-8020-4432-B415-89F03DFFC04D}.Ad-Hoc|x64.Build.0 = Debug|Any CPU
		{4F8E26DC-8020-4432-B415-89F03DFFC04D}.Ad-Hoc|x86.ActiveCfg = Debug|Any CPU
		{4F8E26DC-8020-4432-B415-89F03DFFC04D}.Ad-Hoc|x86.Build.0 = Debug|Any CPU
		{4F8E26DC-8020-4432-B415-89F03DFFC04D}.AppStore|Any CPU.ActiveCfg = Debug|Any CPU
		{4F8E26DC-8020-4432-B415-89F03DFFC04D}.AppStore|Any CPU.Build.0 = Debug|Any CPU
		{4F8E26DC-8020-4432-B415-89F03DFFC04D}.AppStore|ARM.ActiveCfg = Debug|Any CPU
		{4F8E26DC-8020-4432-B415-89F03DFFC04D}.AppStore|ARM.Build.0 = Debug|Any CPU
		{4F8E26DC-8020-4432-B415-89F03DFFC04D}.AppStore|ARM64.ActiveCfg = Debug|Any CPU
		{4F8E26DC-8020-4432-B415-89F03DFFC04D}.AppStore|ARM64.Build.0 = Debug|Any CPU
		{4F8E26DC-8020-4432-B415-89F03DFFC04D}.AppStore|iPhone.ActiveCfg = Debug|Any CPU
		{4F8E26DC-8020-4432-B415-89F03DFFC04D}.AppStore|iPhone.Build.0 = Debug|Any CPU
		{4F8E26DC-8020-4432-B415-89F03DFFC04D}.AppStore|iPhoneSimulator.ActiveCfg = Debug|Any CPU
		{4F8E26DC-8020-4432-B415-89F03DFFC04D}.AppStore|iPhoneSimulator.Build.0 = Debug|Any CPU
		{4F8E26DC-8020-4432-B415-89F03DFFC04D}.AppStore|x64.ActiveCfg = Debug|Any CPU
		{4F8E26DC-8020-4432-B415-89F03DFFC04D}.AppStore|x64.Build.0 = Debug|Any CPU
		{4F8E26DC-8020-4432-B415-89F03DFFC04D}.AppStore|x86.ActiveCfg = Debug|Any CPU
		{4F8E26DC-8020-4432-B415-89F03DFFC04D}.AppStore|x86.Build.0 = Debug|Any CPU
		{4F8E26DC-8020-4432-B415-89F03DFFC04D}.Debug|Any CPU.ActiveCfg = Debug|Any CPU
		{4F8E26DC-8020-4432-B415-89F03DFFC04D}.Debug|Any CPU.Build.0 = Debug|Any CPU
		{4F8E26DC-8020-4432-B415-89F03DFFC04D}.Debug|ARM.ActiveCfg = Debug|Any CPU
		{4F8E26DC-8020-4432-B415-89F03DFFC04D}.Debug|ARM.Build.0 = Debug|Any CPU
		{4F8E26DC-8020-4432-B415-89F03DFFC04D}.Debug|ARM64.ActiveCfg = Debug|Any CPU
		{4F8E26DC-8020-4432-B415-89F03DFFC04D}.Debug|ARM64.Build.0 = Debug|Any CPU
		{4F8E26DC-8020-4432-B415-89F03DFFC04D}.Debug|iPhone.ActiveCfg = Debug|Any CPU
		{4F8E26DC-8020-4432-B415-89F03DFFC04D}.Debug|iPhone.Build.0 = Debug|Any CPU
		{4F8E26DC-8020-4432-B415-89F03DFFC04D}.Debug|iPhoneSimulator.ActiveCfg = Debug|Any CPU
		{4F8E26DC-8020-4432-B415-89F03DFFC04D}.Debug|iPhoneSimulator.Build.0 = Debug|Any CPU
		{4F8E26DC-8020-4432-B415-89F03DFFC04D}.Debug|x64.ActiveCfg = Debug|Any CPU
		{4F8E26DC-8020-4432-B415-89F03DFFC04D}.Debug|x64.Build.0 = Debug|Any CPU
		{4F8E26DC-8020-4432-B415-89F03DFFC04D}.Debug|x86.ActiveCfg = Debug|Any CPU
		{4F8E26DC-8020-4432-B415-89F03DFFC04D}.Debug|x86.Build.0 = Debug|Any CPU
		{4F8E26DC-8020-4432-B415-89F03DFFC04D}.Release|Any CPU.ActiveCfg = Release|Any CPU
		{4F8E26DC-8020-4432-B415-89F03DFFC04D}.Release|Any CPU.Build.0 = Release|Any CPU
		{4F8E26DC-8020-4432-B415-89F03DFFC04D}.Release|ARM.ActiveCfg = Release|Any CPU
		{4F8E26DC-8020-4432-B415-89F03DFFC04D}.Release|ARM.Build.0 = Release|Any CPU
		{4F8E26DC-8020-4432-B415-89F03DFFC04D}.Release|ARM64.ActiveCfg = Release|Any CPU
		{4F8E26DC-8020-4432-B415-89F03DFFC04D}.Release|ARM64.Build.0 = Release|Any CPU
		{4F8E26DC-8020-4432-B415-89F03DFFC04D}.Release|iPhone.ActiveCfg = Release|Any CPU
		{4F8E26DC-8020-4432-B415-89F03DFFC04D}.Release|iPhone.Build.0 = Release|Any CPU
		{4F8E26DC-8020-4432-B415-89F03DFFC04D}.Release|iPhoneSimulator.ActiveCfg = Release|Any CPU
		{4F8E26DC-8020-4432-B415-89F03DFFC04D}.Release|iPhoneSimulator.Build.0 = Release|Any CPU
		{4F8E26DC-8020-4432-B415-89F03DFFC04D}.Release|x64.ActiveCfg = Release|Any CPU
		{4F8E26DC-8020-4432-B415-89F03DFFC04D}.Release|x64.Build.0 = Release|Any CPU
		{4F8E26DC-8020-4432-B415-89F03DFFC04D}.Release|x86.ActiveCfg = Release|Any CPU
		{4F8E26DC-8020-4432-B415-89F03DFFC04D}.Release|x86.Build.0 = Release|Any CPU
	EndGlobalSection
	GlobalSection(SolutionProperties) = preSolution
		HideSolutionNode = FALSE
	EndGlobalSection
	GlobalSection(NestedProjects) = preSolution
		{6279C845-92F8-4333-AB99-3D213163593C} = {A6F393BB-E79E-4103-A29A-4A31484BD12A}
		{DAACCFAA-1CFF-4089-8451-40808BA75F97} = {A6F393BB-E79E-4103-A29A-4A31484BD12A}
		{3392D664-CDB8-488B-B9AD-286768BC16DE} = {A6F393BB-E79E-4103-A29A-4A31484BD12A}
		{4553824D-9A45-4F1B-B6F9-4BA481CDDFA9} = {A6F393BB-E79E-4103-A29A-4A31484BD12A}
		{E041EAC8-2029-4289-84AE-F9907CB683C0} = {A6F393BB-E79E-4103-A29A-4A31484BD12A}
		{6B57921C-098B-4AD9-A224-910F21765482} = {A6F393BB-E79E-4103-A29A-4A31484BD12A}
		{74BB86C4-63A1-49AA-BD9B-3CDCF0B7AB8A} = {08C6634A-7542-4D6A-946A-C07F65AFC59F}
		{B5830D0E-35D1-4151-8CCF-1EC453BC4B44} = {08C6634A-7542-4D6A-946A-C07F65AFC59F}
		{B7081839-E2D8-4DF3-A30A-9D924E043C45} = {08C6634A-7542-4D6A-946A-C07F65AFC59F}
		{A743E040-C1E6-48D5-B7B8-30619D49E122} = {08C6634A-7542-4D6A-946A-C07F65AFC59F}
	EndGlobalSection
	GlobalSection(ExtensibilityGlobals) = postSolution
		SolutionGuid = {67CAE4C6-A783-4248-9F3E-0B744E504DAB}
	EndGlobalSection
EndGlobal
